
Microsoft Visual Studio Solution File, Format Version 12.00
# Visual Studio Version 16
VisualStudioVersion = 16.0.30320.27
MinimumVisualStudioVersion = 10.0.40219.1
Project("{2150E333-8FDC-42A3-9474-1A3956D46DE8}") = "ApiCore", "ApiCore", "{C385B573-5518-48EB-8518-96567F16BDE5}"
EndProject
Project("{9A19103F-16F7-4668-BE54-9A1E7A4F7556}") = "Almacen.Api", "Almacen.Api\Almacen.Api.csproj", "{375427E7-38BF-4EC4-BC0C-0CA82ACACB06}"
EndProject
Project("{9A19103F-16F7-4668-BE54-9A1E7A4F7556}") = "Almacen.Core", "Almacen.Core\Almacen.Core.csproj", "{728D3D17-0104-47ED-B2DD-EFB08E8C8129}"
EndProject
Project("{2150E333-8FDC-42A3-9474-1A3956D46DE8}") = "Portal", "Portal", "{19FBD199-508F-4EFF-B4C8-3608F978F1A7}"
EndProject
Project("{9A19103F-16F7-4668-BE54-9A1E7A4F7556}") = "Almacen.Portal", "Almacen.Portal\Almacen.Portal.csproj", "{8594F3C0-8904-4E50-B488-0E0DB82CF6E9}"
EndProject
Global
	GlobalSection(SolutionConfigurationPlatforms) = preSolution
		Debug|Any CPU = Debug|Any CPU
		Release|Any CPU = Release|Any CPU
	EndGlobalSection
	GlobalSection(ProjectConfigurationPlatforms) = postSolution
		{375427E7-38BF-4EC4-BC0C-0CA82ACACB06}.Debug|Any CPU.ActiveCfg = Debug|Any CPU
		{375427E7-38BF-4EC4-BC0C-0CA82ACACB06}.Debug|Any CPU.Build.0 = Debug|Any CPU
		{375427E7-38BF-4EC4-BC0C-0CA82ACACB06}.Release|Any CPU.ActiveCfg = Release|Any CPU
		{375427E7-38BF-4EC4-BC0C-0CA82ACACB06}.Release|Any CPU.Build.0 = Release|Any CPU
		{728D3D17-0104-47ED-B2DD-EFB08E8C8129}.Debug|Any CPU.ActiveCfg = Debug|Any CPU
		{728D3D17-0104-47ED-B2DD-EFB08E8C8129}.Debug|Any CPU.Build.0 = Debug|Any CPU
		{728D3D17-0104-47ED-B2DD-EFB08E8C8129}.Release|Any CPU.ActiveCfg = Release|Any CPU
		{728D3D17-0104-47ED-B2DD-EFB08E8C8129}.Release|Any CPU.Build.0 = Release|Any CPU
		{8594F3C0-8904-4E50-B488-0E0DB82CF6E9}.Debug|Any CPU.ActiveCfg = Debug|Any CPU
		{8594F3C0-8904-4E50-B488-0E0DB82CF6E9}.Debug|Any CPU.Build.0 = Debug|Any CPU
		{8594F3C0-8904-4E50-B488-0E0DB82CF6E9}.Release|Any CPU.ActiveCfg = Release|Any CPU
		{8594F3C0-8904-4E50-B488-0E0DB82CF6E9}.Release|Any CPU.Build.0 = Release|Any CPU
	EndGlobalSection
	GlobalSection(SolutionProperties) = preSolution
		HideSolutionNode = FALSE
	EndGlobalSection
	GlobalSection(NestedProjects) = preSolution
		{375427E7-38BF-4EC4-BC0C-0CA82ACACB06} = {C385B573-5518-48EB-8518-96567F16BDE5}
		{728D3D17-0104-47ED-B2DD-EFB08E8C8129} = {C385B573-5518-48EB-8518-96567F16BDE5}
		{8594F3C0-8904-4E50-B488-0E0DB82CF6E9} = {19FBD199-508F-4EFF-B4C8-3608F978F1A7}
	EndGlobalSection
	GlobalSection(ExtensibilityGlobals) = postSolution
		SolutionGuid = {7920C026-6B89-4B83-8B6C-E56EC6B1507F}
	EndGlobalSection
EndGlobal
